
Microsoft Visual Studio Solution File, Format Version 12.00
# Visual Studio 15
Project("{FAE04EC0-301F-11D3-BF4B-00C04F79EFBC}") = "SelectionStatements", "SelectionStatements\SelectionStatements.csproj", "{322A293B-4F19-40B8-9FA7-E8548C3AC6CE}"
EndProject
Global
	GlobalSection(SolutionConfigurationPlatforms) = preSolution
		Debug|Any CPU = Debug|Any CPU
		Release|Any CPU = Release|Any CPU
	EndGlobalSection
	GlobalSection(ProjectConfigurationPlatforms) = postSolution
		{322A293B-4F19-40B8-9FA7-E8548C3AC6CE}.Debug|Any CPU.ActiveCfg = Debug|Any CPU
		{322A293B-4F19-40B8-9FA7-E8548C3AC6CE}.Debug|Any CPU.Build.0 = Debug|Any CPU
		{322A293B-4F19-40B8-9FA7-E8548C3AC6CE}.Release|Any CPU.ActiveCfg = Release|Any CPU
		{322A293B-4F19-40B8-9FA7-E8548C3AC6CE}.Release|Any CPU.Build.0 = Release|Any CPU
	EndGlobalSection
EndGlobal
